
Microsoft Visual Studio Solution File, Format Version 12.00
# Visual Studio Version 17
VisualStudioVersion = 17.0.31903.59
MinimumVisualStudioVersion = 10.0.40219.1
Project("{FAE04EC0-301F-11D3-BF4B-00C04F79EFBC}") = "paycalc", "paycalc\paycalc.csproj", "{1B57DF00-AC02-4DEE-AF96-D6051E1DEA25}"
EndProject
Global
	GlobalSection(SolutionConfigurationPlatforms) = preSolution
		Debug|Any CPU = Debug|Any CPU
		Release|Any CPU = Release|Any CPU
	EndGlobalSection
	GlobalSection(ProjectConfigurationPlatforms) = postSolution
		{1B57DF00-AC02-4DEE-AF96-D6051E1DEA25}.Debug|Any CPU.ActiveCfg = Debug|Any CPU
		{1B57DF00-AC02-4DEE-AF96-D6051E1DEA25}.Debug|Any CPU.Build.0 = Debug|Any CPU
		{1B57DF00-AC02-4DEE-AF96-D6051E1DEA25}.Release|Any CPU.ActiveCfg = Release|Any CPU
		{1B57DF00-AC02-4DEE-AF96-D6051E1DEA25}.Release|Any CPU.Build.0 = Release|Any CPU
	EndGlobalSection
	GlobalSection(SolutionProperties) = preSolution
		HideSolutionNode = FALSE
	EndGlobalSection
	GlobalSection(ExtensibilityGlobals) = postSolution
		SolutionGuid = {10881A98-075F-43F8-B982-D9073A8F0C9C}
	EndGlobalSection
EndGlobal
